// !$*UTF8*$!
{
	archiveVersion = 1;
	classes = {
	};
	objectVersion = 56;
	objects = {

/* Begin PBXBuildFile section */
		327C45212A58750500B75295 /* Teacher.swift in Sources */ = {isa = PBXBuildFile; fileRef = 327C45202A58750500B75295 /* Teacher.swift */; };
		327C45232A58759D00B75295 /* Student.swift in Sources */ = {isa = PBXBuildFile; fileRef = 327C45222A58759D00B75295 /* Student.swift */; };
		327C45262A587B8000B75295 /* SDWebImage in Frameworks */ = {isa = PBXBuildFile; productRef = 327C45252A587B8000B75295 /* SDWebImage */; };
		32B810A52A56F78F00C5A64F /* AppDelegate.swift in Sources */ = {isa = PBXBuildFile; fileRef = 32B810A42A56F78F00C5A64F /* AppDelegate.swift */; };
		32B810A72A56F78F00C5A64F /* SceneDelegate.swift in Sources */ = {isa = PBXBuildFile; fileRef = 32B810A62A56F78F00C5A64F /* SceneDelegate.swift */; };
		32B810AC2A56F78F00C5A64F /* Main.storyboard in Resources */ = {isa = PBXBuildFile; fileRef = 32B810AA2A56F78F00C5A64F /* Main.storyboard */; };
		32B810AE2A56F79100C5A64F /* Assets.xcassets in Resources */ = {isa = PBXBuildFile; fileRef = 32B810AD2A56F79100C5A64F /* Assets.xcassets */; };
		32B810B12A56F79100C5A64F /* LaunchScreen.storyboard in Resources */ = {isa = PBXBuildFile; fileRef = 32B810AF2A56F79100C5A64F /* LaunchScreen.storyboard */; };
		32B810BB2A56FDAB00C5A64F /* TeachersViewController.swift in Sources */ = {isa = PBXBuildFile; fileRef = 32B810BA2A56FDAB00C5A64F /* TeachersViewController.swift */; };
		32B810BD2A56FDB800C5A64F /* StudentsViewController.swift in Sources */ = {isa = PBXBuildFile; fileRef = 32B810BC2A56FDB800C5A64F /* StudentsViewController.swift */; };
		32B810BF2A5706CE00C5A64F /* TabBarViewController.swift in Sources */ = {isa = PBXBuildFile; fileRef = 32B810BE2A5706CE00C5A64F /* TabBarViewController.swift */; };
		32B810C32A57081B00C5A64F /* SchoolAppBannerView.swift in Sources */ = {isa = PBXBuildFile; fileRef = 32B810C22A57081B00C5A64F /* SchoolAppBannerView.swift */; };
		32B810C52A57083100C5A64F /* SchoolAppBannerView.xib in Resources */ = {isa = PBXBuildFile; fileRef = 32B810C42A57083100C5A64F /* SchoolAppBannerView.xib */; };
		32B810C72A570DA500C5A64F /* ContainerViewController.swift in Sources */ = {isa = PBXBuildFile; fileRef = 32B810C62A570DA500C5A64F /* ContainerViewController.swift */; };
		32B810CB2A570E8F00C5A64F /* TeacherCardTableViewCell.swift in Sources */ = {isa = PBXBuildFile; fileRef = 32B810C92A570E8F00C5A64F /* TeacherCardTableViewCell.swift */; };
		32B810CC2A570E8F00C5A64F /* TeacherCardTableViewCell.xib in Resources */ = {isa = PBXBuildFile; fileRef = 32B810CA2A570E8F00C5A64F /* TeacherCardTableViewCell.xib */; };
/* End PBXBuildFile section */

/* Begin PBXFileReference section */
		327C45202A58750500B75295 /* Teacher.swift */ = {isa = PBXFileReference; lastKnownFileType = sourcecode.swift; path = Teacher.swift; sourceTree = "<group>"; };
		327C45222A58759D00B75295 /* Student.swift */ = {isa = PBXFileReference; lastKnownFileType = sourcecode.swift; path = Student.swift; sourceTree = "<group>"; };
		32B810A12A56F78F00C5A64F /* Developer Test.app */ = {isa = PBXFileReference; explicitFileType = wrapper.application; includeInIndex = 0; path = "Developer Test.app"; sourceTree = BUILT_PRODUCTS_DIR; };
		32B810A42A56F78F00C5A64F /* AppDelegate.swift */ = {isa = PBXFileReference; lastKnownFileType = sourcecode.swift; path = AppDelegate.swift; sourceTree = "<group>"; };
		32B810A62A56F78F00C5A64F /* SceneDelegate.swift */ = {isa = PBXFileReference; lastKnownFileType = sourcecode.swift; path = SceneDelegate.swift; sourceTree = "<group>"; };
		32B810AB2A56F78F00C5A64F /* Base */ = {isa = PBXFileReference; lastKnownFileType = file.storyboard; name = Base; path = Base.lproj/Main.storyboard; sourceTree = "<group>"; };
		32B810AD2A56F79100C5A64F /* Assets.xcassets */ = {isa = PBXFileReference; lastKnownFileType = folder.assetcatalog; path = Assets.xcassets; sourceTree = "<group>"; };
		32B810B02A56F79100C5A64F /* Base */ = {isa = PBXFileReference; lastKnownFileType = file.storyboard; name = Base; path = Base.lproj/LaunchScreen.storyboard; sourceTree = "<group>"; };
		32B810B22A56F79100C5A64F /* Info.plist */ = {isa = PBXFileReference; lastKnownFileType = text.plist.xml; path = Info.plist; sourceTree = "<group>"; };
		32B810BA2A56FDAB00C5A64F /* TeachersViewController.swift */ = {isa = PBXFileReference; lastKnownFileType = sourcecode.swift; path = TeachersViewController.swift; sourceTree = "<group>"; };
		32B810BC2A56FDB800C5A64F /* StudentsViewController.swift */ = {isa = PBXFileReference; lastKnownFileType = sourcecode.swift; path = StudentsViewController.swift; sourceTree = "<group>"; };
		32B810BE2A5706CE00C5A64F /* TabBarViewController.swift */ = {isa = PBXFileReference; lastKnownFileType = sourcecode.swift; path = TabBarViewController.swift; sourceTree = "<group>"; };
		32B810C22A57081B00C5A64F /* SchoolAppBannerView.swift */ = {isa = PBXFileReference; lastKnownFileType = sourcecode.swift; path = SchoolAppBannerView.swift; sourceTree = "<group>"; };
		32B810C42A57083100C5A64F /* SchoolAppBannerView.xib */ = {isa = PBXFileReference; lastKnownFileType = file.xib; path = SchoolAppBannerView.xib; sourceTree = "<group>"; };
		32B810C62A570DA500C5A64F /* ContainerViewController.swift */ = {isa = PBXFileReference; lastKnownFileType = sourcecode.swift; path = ContainerViewController.swift; sourceTree = "<group>"; };
		32B810C92A570E8F00C5A64F /* TeacherCardTableViewCell.swift */ = {isa = PBXFileReference; lastKnownFileType = sourcecode.swift; path = TeacherCardTableViewCell.swift; sourceTree = "<group>"; };
		32B810CA2A570E8F00C5A64F /* TeacherCardTableViewCell.xib */ = {isa = PBXFileReference; lastKnownFileType = file.xib; path = TeacherCardTableViewCell.xib; sourceTree = "<group>"; };
/* End PBXFileReference section */

/* Begin PBXFrameworksBuildPhase section */
		32B8109E2A56F78F00C5A64F /* Frameworks */ = {
			isa = PBXFrameworksBuildPhase;
			buildActionMask = 2147483647;
			files = (
				327C45262A587B8000B75295 /* SDWebImage in Frameworks */,
			);
			runOnlyForDeploymentPostprocessing = 0;
		};
/* End PBXFrameworksBuildPhase section */

/* Begin PBXGroup section */
		327C451F2A5874B300B75295 /* Models */ = {
			isa = PBXGroup;
			children = (
				327C45202A58750500B75295 /* Teacher.swift */,
				327C45222A58759D00B75295 /* Student.swift */,
			);
			path = Models;
			sourceTree = "<group>";
		};
		32B810982A56F78F00C5A64F = {
			isa = PBXGroup;
			children = (
				32B810A32A56F78F00C5A64F /* Developer Test */,
				32B810A22A56F78F00C5A64F /* Products */,
			);
			sourceTree = "<group>";
		};
		32B810A22A56F78F00C5A64F /* Products */ = {
			isa = PBXGroup;
			children = (
				32B810A12A56F78F00C5A64F /* Developer Test.app */,
			);
			name = Products;
			sourceTree = "<group>";
		};
		32B810A32A56F78F00C5A64F /* Developer Test */ = {
			isa = PBXGroup;
			children = (
				32B810A42A56F78F00C5A64F /* AppDelegate.swift */,
				32B810A62A56F78F00C5A64F /* SceneDelegate.swift */,
				32B810B92A56FD8D00C5A64F /* ViewControllers */,
				32B810C12A5707F200C5A64F /* Swift */,
				32B810B82A56FD8400C5A64F /* Storyboards */,
				32B810AD2A56F79100C5A64F /* Assets.xcassets */,
				32B810B22A56F79100C5A64F /* Info.plist */,
			);
			path = "Developer Test";
			sourceTree = "<group>";
		};
		32B810B82A56FD8400C5A64F /* Storyboards */ = {
			isa = PBXGroup;
			children = (
				32B810AA2A56F78F00C5A64F /* Main.storyboard */,
				32B810AF2A56F79100C5A64F /* LaunchScreen.storyboard */,
			);
			path = Storyboards;
			sourceTree = "<group>";
		};
		32B810B92A56FD8D00C5A64F /* ViewControllers */ = {
			isa = PBXGroup;
			children = (
				32B810BA2A56FDAB00C5A64F /* TeachersViewController.swift */,
				32B810BC2A56FDB800C5A64F /* StudentsViewController.swift */,
				32B810BE2A5706CE00C5A64F /* TabBarViewController.swift */,
				32B810C62A570DA500C5A64F /* ContainerViewController.swift */,
			);
			path = ViewControllers;
			sourceTree = "<group>";
		};
		32B810C02A5707BD00C5A64F /* Views */ = {
			isa = PBXGroup;
			children = (
				32B810C22A57081B00C5A64F /* SchoolAppBannerView.swift */,
				32B810C42A57083100C5A64F /* SchoolAppBannerView.xib */,
			);
			path = Views;
			sourceTree = "<group>";
		};
		32B810C12A5707F200C5A64F /* Swift */ = {
			isa = PBXGroup;
			children = (
				327C451F2A5874B300B75295 /* Models */,
				32B810C82A570E5B00C5A64F /* Cells */,
				32B810C02A5707BD00C5A64F /* Views */,
			);
			path = Swift;
			sourceTree = "<group>";
		};
		32B810C82A570E5B00C5A64F /* Cells */ = {
			isa = PBXGroup;
			children = (
				32B810C92A570E8F00C5A64F /* TeacherCardTableViewCell.swift */,
				32B810CA2A570E8F00C5A64F /* TeacherCardTableViewCell.xib */,
			);
			path = Cells;
			sourceTree = "<group>";
		};
/* End PBXGroup section */

/* Begin PBXNativeTarget section */
		32B810A02A56F78F00C5A64F /* Developer Test */ = {
			isa = PBXNativeTarget;
			buildConfigurationList = 32B810B52A56F79100C5A64F /* Build configuration list for PBXNativeTarget "Developer Test" */;
			buildPhases = (
				32B8109D2A56F78F00C5A64F /* Sources */,
				32B8109E2A56F78F00C5A64F /* Frameworks */,
				32B8109F2A56F78F00C5A64F /* Resources */,
			);
			buildRules = (
			);
			dependencies = (
			);
			name = "Developer Test";
			packageProductDependencies = (
				327C45252A587B8000B75295 /* SDWebImage */,
			);
			productName = "Developer Test";
			productReference = 32B810A12A56F78F00C5A64F /* Developer Test.app */;
			productType = "com.apple.product-type.application";
		};
/* End PBXNativeTarget section */

/* Begin PBXProject section */
		32B810992A56F78F00C5A64F /* Project object */ = {
			isa = PBXProject;
			attributes = {
				BuildIndependentTargetsInParallel = 1;
				LastSwiftUpdateCheck = 1430;
				LastUpgradeCheck = 1430;
				TargetAttributes = {
					32B810A02A56F78F00C5A64F = {
						CreatedOnToolsVersion = 14.3.1;
					};
				};
			};
			buildConfigurationList = 32B8109C2A56F78F00C5A64F /* Build configuration list for PBXProject "Developer Test" */;
			compatibilityVersion = "Xcode 14.0";
			developmentRegion = en;
			hasScannedForEncodings = 0;
			knownRegions = (
				en,
				Base,
			);
			mainGroup = 32B810982A56F78F00C5A64F;
			packageReferences = (
				327C45242A587B8000B75295 /* XCRemoteSwiftPackageReference "SDWebImage" */,
			);
			productRefGroup = 32B810A22A56F78F00C5A64F /* Products */;
			projectDirPath = "";
			projectRoot = "";
			targets = (
				32B810A02A56F78F00C5A64F /* Developer Test */,
			);
		};
/* End PBXProject section */

/* Begin PBXResourcesBuildPhase section */
		32B8109F2A56F78F00C5A64F /* Resources */ = {
			isa = PBXResourcesBuildPhase;
			buildActionMask = 2147483647;
			files = (
				32B810B12A56F79100C5A64F /* LaunchScreen.storyboard in Resources */,
				32B810CC2A570E8F00C5A64F /* TeacherCardTableViewCell.xib in Resources */,
				32B810AE2A56F79100C5A64F /* Assets.xcassets in Resources */,
				32B810C52A57083100C5A64F /* SchoolAppBannerView.xib in Resources */,
				32B810AC2A56F78F00C5A64F /* Main.storyboard in Resources */,
			);
			runOnlyForDeploymentPostprocessing = 0;
		};
/* End PBXResourcesBuildPhase section */

/* Begin PBXSourcesBuildPhase section */
		32B8109D2A56F78F00C5A64F /* Sources */ = {
			isa = PBXSourcesBuildPhase;
			buildActionMask = 2147483647;
			files = (
				32B810BB2A56FDAB00C5A64F /* TeachersViewController.swift in Sources */,
				32B810A52A56F78F00C5A64F /* AppDelegate.swift in Sources */,
				32B810CB2A570E8F00C5A64F /* TeacherCardTableViewCell.swift in Sources */,
				327C45232A58759D00B75295 /* Student.swift in Sources */,
				32B810C72A570DA500C5A64F /* ContainerViewController.swift in Sources */,
				32B810BD2A56FDB800C5A64F /* StudentsViewController.swift in Sources */,
				32B810BF2A5706CE00C5A64F /* TabBarViewController.swift in Sources */,
				327C45212A58750500B75295 /* Teacher.swift in Sources */,
				32B810C32A57081B00C5A64F /* SchoolAppBannerView.swift in Sources */,
				32B810A72A56F78F00C5A64F /* SceneDelegate.swift in Sources */,
			);
			runOnlyForDeploymentPostprocessing = 0;
		};
/* End PBXSourcesBuildPhase section */

/* Begin PBXVariantGroup section */
		32B810AA2A56F78F00C5A64F /* Main.storyboard */ = {
			isa = PBXVariantGroup;
			children = (
				32B810AB2A56F78F00C5A64F /* Base */,
			);
			name = Main.storyboard;
			sourceTree = "<group>";
		};
		32B810AF2A56F79100C5A64F /* LaunchScreen.storyboard */ = {
			isa = PBXVariantGroup;
			children = (
				32B810B02A56F79100C5A64F /* Base */,
			);
			name = LaunchScreen.storyboard;
			sourceTree = "<group>";
		};
/* End PBXVariantGroup section */

/* Begin XCBuildConfiguration section */
		32B810B32A56F79100C5A64F /* Debug */ = {
			isa = XCBuildConfiguration;
			buildSettings = {
				ALWAYS_SEARCH_USER_PATHS = NO;
				CLANG_ANALYZER_NONNULL = YES;
				CLANG_ANALYZER_NUMBER_OBJECT_CONVERSION = YES_AGGRESSIVE;
				CLANG_CXX_LANGUAGE_STANDARD = "gnu++20";
				CLANG_ENABLE_MODULES = YES;
				CLANG_ENABLE_OBJC_ARC = YES;
				CLANG_ENABLE_OBJC_WEAK = YES;
				CLANG_WARN_BLOCK_CAPTURE_AUTORELEASING = YES;
				CLANG_WARN_BOOL_CONVERSION = YES;
				CLANG_WARN_COMMA = YES;
				CLANG_WARN_CONSTANT_CONVERSION = YES;
				CLANG_WARN_DEPRECATED_OBJC_IMPLEMENTATIONS = YES;
				CLANG_WARN_DIRECT_OBJC_ISA_USAGE = YES_ERROR;
				CLANG_WARN_DOCUMENTATION_COMMENTS = YES;
				CLANG_WARN_EMPTY_BODY = YES;
				CLANG_WARN_ENUM_CONVERSION = YES;
				CLANG_WARN_INFINITE_RECURSION = YES;
				CLANG_WARN_INT_CONVERSION = YES;
				CLANG_WARN_NON_LITERAL_NULL_CONVERSION = YES;
				CLANG_WARN_OBJC_IMPLICIT_RETAIN_SELF = YES;
				CLANG_WARN_OBJC_LITERAL_CONVERSION = YES;
				CLANG_WARN_OBJC_ROOT_CLASS = YES_ERROR;
				CLANG_WARN_QUOTED_INCLUDE_IN_FRAMEWORK_HEADER = YES;
				CLANG_WARN_RANGE_LOOP_ANALYSIS = YES;
				CLANG_WARN_STRICT_PROTOTYPES = YES;
				CLANG_WARN_SUSPICIOUS_MOVE = YES;
				CLANG_WARN_UNGUARDED_AVAILABILITY = YES_AGGRESSIVE;
				CLANG_WARN_UNREACHABLE_CODE = YES;
				CLANG_WARN__DUPLICATE_METHOD_MATCH = YES;
				COPY_PHASE_STRIP = NO;
				DEBUG_INFORMATION_FORMAT = dwarf;
				ENABLE_STRICT_OBJC_MSGSEND = YES;
				ENABLE_TESTABILITY = YES;
				GCC_C_LANGUAGE_STANDARD = gnu11;
				GCC_DYNAMIC_NO_PIC = NO;
				GCC_NO_COMMON_BLOCKS = YES;
				GCC_OPTIMIZATION_LEVEL = 0;
				GCC_PREPROCESSOR_DEFINITIONS = (
					"DEBUG=1",
					"$(inherited)",
				);
				GCC_WARN_64_TO_32_BIT_CONVERSION = YES;
				GCC_WARN_ABOUT_RETURN_TYPE = YES_ERROR;
				GCC_WARN_UNDECLARED_SELECTOR = YES;
				GCC_WARN_UNINITIALIZED_AUTOS = YES_AGGRESSIVE;
				GCC_WARN_UNUSED_FUNCTION = YES;
				GCC_WARN_UNUSED_VARIABLE = YES;
				IPHONEOS_DEPLOYMENT_TARGET = 16.4;
				MTL_ENABLE_DEBUG_INFO = INCLUDE_SOURCE;
				MTL_FAST_MATH = YES;
				ONLY_ACTIVE_ARCH = YES;
				SDKROOT = iphoneos;
				SWIFT_ACTIVE_COMPILATION_CONDITIONS = DEBUG;
				SWIFT_OPTIMIZATION_LEVEL = "-Onone";
			};
			name = Debug;
		};
		32B810B42A56F79100C5A64F /* Release */ = {
			isa = XCBuildConfiguration;
			buildSettings = {
				ALWAYS_SEARCH_USER_PATHS = NO;
				CLANG_ANALYZER_NONNULL = YES;
				CLANG_ANALYZER_NUMBER_OBJECT_CONVERSION = YES_AGGRESSIVE;
				CLANG_CXX_LANGUAGE_STANDARD = "gnu++20";
				CLANG_ENABLE_MODULES = YES;
				CLANG_ENABLE_OBJC_ARC = YES;
				CLANG_ENABLE_OBJC_WEAK = YES;
				CLANG_WARN_BLOCK_CAPTURE_AUTORELEASING = YES;
				CLANG_WARN_BOOL_CONVERSION = YES;
				CLANG_WARN_COMMA = YES;
				CLANG_WARN_CONSTANT_CONVERSION = YES;
				CLANG_WARN_DEPRECATED_OBJC_IMPLEMENTATIONS = YES;
				CLANG_WARN_DIRECT_OBJC_ISA_USAGE = YES_ERROR;
				CLANG_WARN_DOCUMENTATION_COMMENTS = YES;
				CLANG_WARN_EMPTY_BODY = YES;
				CLANG_WARN_ENUM_CONVERSION = YES;
				CLANG_WARN_INFINITE_RECURSION = YES;
				CLANG_WARN_INT_CONVERSION = YES;
				CLANG_WARN_NON_LITERAL_NULL_CONVERSION = YES;
				CLANG_WARN_OBJC_IMPLICIT_RETAIN_SELF = YES;
				CLANG_WARN_OBJC_LITERAL_CONVERSION = YES;
				CLANG_WARN_OBJC_ROOT_CLASS = YES_ERROR;
				CLANG_WARN_QUOTED_INCLUDE_IN_FRAMEWORK_HEADER = YES;
				CLANG_WARN_RANGE_LOOP_ANALYSIS = YES;
				CLANG_WARN_STRICT_PROTOTYPES = YES;
				CLANG_WARN_SUSPICIOUS_MOVE = YES;
				CLANG_WARN_UNGUARDED_AVAILABILITY = YES_AGGRESSIVE;
				CLANG_WARN_UNREACHABLE_CODE = YES;
				CLANG_WARN__DUPLICATE_METHOD_MATCH = YES;
				COPY_PHASE_STRIP = NO;
				DEBUG_INFORMATION_FORMAT = "dwarf-with-dsym";
				ENABLE_NS_ASSERTIONS = NO;
				ENABLE_STRICT_OBJC_MSGSEND = YES;
				GCC_C_LANGUAGE_STANDARD = gnu11;
				GCC_NO_COMMON_BLOCKS = YES;
				GCC_WARN_64_TO_32_BIT_CONVERSION = YES;
				GCC_WARN_ABOUT_RETURN_TYPE = YES_ERROR;
				GCC_WARN_UNDECLARED_SELECTOR = YES;
				GCC_WARN_UNINITIALIZED_AUTOS = YES_AGGRESSIVE;
				GCC_WARN_UNUSED_FUNCTION = YES;
				GCC_WARN_UNUSED_VARIABLE = YES;
				IPHONEOS_DEPLOYMENT_TARGET = 16.4;
				MTL_ENABLE_DEBUG_INFO = NO;
				MTL_FAST_MATH = YES;
				SDKROOT = iphoneos;
				SWIFT_COMPILATION_MODE = wholemodule;
				SWIFT_OPTIMIZATION_LEVEL = "-O";
				VALIDATE_PRODUCT = YES;
			};
			name = Release;
		};
		32B810B62A56F79100C5A64F /* Debug */ = {
			isa = XCBuildConfiguration;
			buildSettings = {
				ASSETCATALOG_COMPILER_APPICON_NAME = AppIcon;
				ASSETCATALOG_COMPILER_GLOBAL_ACCENT_COLOR_NAME = AccentColor;
				CODE_SIGN_STYLE = Automatic;
				CURRENT_PROJECT_VERSION = 1;
				DEVELOPMENT_TEAM = PSF33EGXVS;
				GENERATE_INFOPLIST_FILE = YES;
				INFOPLIST_FILE = "Developer Test/Info.plist";
				INFOPLIST_KEY_UIApplicationSupportsIndirectInputEvents = YES;
				INFOPLIST_KEY_UILaunchStoryboardName = LaunchScreen;
				INFOPLIST_KEY_UIMainStoryboardFile = Main;
				INFOPLIST_KEY_UISupportedInterfaceOrientations_iPad = "UIInterfaceOrientationPortrait UIInterfaceOrientationPortraitUpsideDown UIInterfaceOrientationLandscapeLeft UIInterfaceOrientationLandscapeRight";
				INFOPLIST_KEY_UISupportedInterfaceOrientations_iPhone = "UIInterfaceOrientationPortrait UIInterfaceOrientationLandscapeLeft UIInterfaceOrientationLandscapeRight";
				LD_RUNPATH_SEARCH_PATHS = (
					"$(inherited)",
					"@executable_path/Frameworks",
				);
				MARKETING_VERSION = 1.0;
				PRODUCT_BUNDLE_IDENTIFIER = "com.markomeden.Developer-Test";
				PRODUCT_NAME = "$(TARGET_NAME)";
				SUPPORTED_PLATFORMS = "iphoneos iphonesimulator";
				SUPPORTS_MACCATALYST = NO;
				SUPPORTS_MAC_DESIGNED_FOR_IPHONE_IPAD = NO;
				SWIFT_EMIT_LOC_STRINGS = YES;
				SWIFT_VERSION = 5.0;
				TARGETED_DEVICE_FAMILY = 1;
			};
			name = Debug;
		};
		32B810B72A56F79100C5A64F /* Release */ = {
			isa = XCBuildConfiguration;
			buildSettings = {
				ASSETCATALOG_COMPILER_APPICON_NAME = AppIcon;
				ASSETCATALOG_COMPILER_GLOBAL_ACCENT_COLOR_NAME = AccentColor;
				CODE_SIGN_STYLE = Automatic;
				CURRENT_PROJECT_VERSION = 1;
				DEVELOPMENT_TEAM = PSF33EGXVS;
				GENERATE_INFOPLIST_FILE = YES;
				INFOPLIST_FILE = "Developer Test/Info.plist";
				INFOPLIST_KEY_UIApplicationSupportsIndirectInputEvents = YES;
				INFOPLIST_KEY_UILaunchStoryboardName = LaunchScreen;
				INFOPLIST_KEY_UIMainStoryboardFile = Main;
				INFOPLIST_KEY_UISupportedInterfaceOrientations_iPad = "UIInterfaceOrientationPortrait UIInterfaceOrientationPortraitUpsideDown UIInterfaceOrientationLandscapeLeft UIInterfaceOrientationLandscapeRight";
				INFOPLIST_KEY_UISupportedInterfaceOrientations_iPhone = "UIInterfaceOrientationPortrait UIInterfaceOrientationLandscapeLeft UIInterfaceOrientationLandscapeRight";
				LD_RUNPATH_SEARCH_PATHS = (
					"$(inherited)",
					"@executable_path/Frameworks",
				);
				MARKETING_VERSION = 1.0;
				PRODUCT_BUNDLE_IDENTIFIER = "com.markomeden.Developer-Test";
				PRODUCT_NAME = "$(TARGET_NAME)";
				SUPPORTED_PLATFORMS = "iphoneos iphonesimulator";
				SUPPORTS_MACCATALYST = NO;
				SUPPORTS_MAC_DESIGNED_FOR_IPHONE_IPAD = NO;
				SWIFT_EMIT_LOC_STRINGS = YES;
				SWIFT_VERSION = 5.0;
				TARGETED_DEVICE_FAMILY = 1;
			};
			name = Release;
		};
/* End XCBuildConfiguration section */

/* Begin XCConfigurationList section */
		32B8109C2A56F78F00C5A64F /* Build configuration list for PBXProject "Developer Test" */ = {
			isa = XCConfigurationList;
			buildConfigurations = (
				32B810B32A56F79100C5A64F /* Debug */,
				32B810B42A56F79100C5A64F /* Release */,
			);
			defaultConfigurationIsVisible = 0;
			defaultConfigurationName = Release;
		};
		32B810B52A56F79100C5A64F /* Build configuration list for PBXNativeTarget "Developer Test" */ = {
			isa = XCConfigurationList;
			buildConfigurations = (
				32B810B62A56F79100C5A64F /* Debug */,
				32B810B72A56F79100C5A64F /* Release */,
			);
			defaultConfigurationIsVisible = 0;
			defaultConfigurationName = Release;
		};
/* End XCConfigurationList section */

/* Begin XCRemoteSwiftPackageReference section */
		327C45242A587B8000B75295 /* XCRemoteSwiftPackageReference "SDWebImage" */ = {
			isa = XCRemoteSwiftPackageReference;
			repositoryURL = "https://github.com/SDWebImage/SDWebImage.git";
			requirement = {
				kind = upToNextMajorVersion;
				minimumVersion = 5.0.0;
			};
		};
/* End XCRemoteSwiftPackageReference section */

/* Begin XCSwiftPackageProductDependency section */
		327C45252A587B8000B75295 /* SDWebImage */ = {
			isa = XCSwiftPackageProductDependency;
			package = 327C45242A587B8000B75295 /* XCRemoteSwiftPackageReference "SDWebImage" */;
			productName = SDWebImage;
		};
/* End XCSwiftPackageProductDependency section */
	};
	rootObject = 32B810992A56F78F00C5A64F /* Project object */;
}
