// !$*UTF8*$!
{
	archiveVersion = 1;
	classes = {
	};
	objectVersion = 56;
	objects = {

/* Begin PBXBuildFile section */
		323E3B8B2A5AAB8300449747 /* Localize_Swift in Frameworks */ = {isa = PBXBuildFile; productRef = 323E3B8A2A5AAB8300449747 /* Localize_Swift */; };
		323E3B922A5AD6FE00449747 /* Localizable.strings in Resources */ = {isa = PBXBuildFile; fileRef = 323E3B942A5AD6FE00449747 /* Localizable.strings */; };
		323E3C0A2A5BFD8400449747 /* Development.xcconfig in Resources */ = {isa = PBXBuildFile; fileRef = 323E3C092A5BFD8400449747 /* Development.xcconfig */; };
		323E3C0C2A5BFDE200449747 /* Production.xcconfig in Resources */ = {isa = PBXBuildFile; fileRef = 323E3C0B2A5BFDE200449747 /* Production.xcconfig */; };
		323E3C0E2A5BFE6C00449747 /* Environment.swift in Sources */ = {isa = PBXBuildFile; fileRef = 323E3C0D2A5BFE6C00449747 /* Environment.swift */; };
		327C45212A58750500B75295 /* Teacher.swift in Sources */ = {isa = PBXBuildFile; fileRef = 327C45202A58750500B75295 /* Teacher.swift */; };
		327C45232A58759D00B75295 /* Student.swift in Sources */ = {isa = PBXBuildFile; fileRef = 327C45222A58759D00B75295 /* Student.swift */; };
		327C45262A587B8000B75295 /* SDWebImage in Frameworks */ = {isa = PBXBuildFile; productRef = 327C45252A587B8000B75295 /* SDWebImage */; };
		327C45282A58841F00B75295 /* Description.swift in Sources */ = {isa = PBXBuildFile; fileRef = 327C45272A58841F00B75295 /* Description.swift */; };
		327C452A2A58845600B75295 /* School.swift in Sources */ = {isa = PBXBuildFile; fileRef = 327C45292A58845600B75295 /* School.swift */; };
		327C452C2A589F7C00B75295 /* DetailsViewController.swift in Sources */ = {isa = PBXBuildFile; fileRef = 327C452B2A589F7C00B75295 /* DetailsViewController.swift */; };
		327C452F2A58A08D00B75295 /* AppManager.swift in Sources */ = {isa = PBXBuildFile; fileRef = 327C452E2A58A08D00B75295 /* AppManager.swift */; };
		327C45312A5940A400B75295 /* ContactView.xib in Resources */ = {isa = PBXBuildFile; fileRef = 327C45302A5940A400B75295 /* ContactView.xib */; };
		327C45332A5940B800B75295 /* ContactView.swift in Sources */ = {isa = PBXBuildFile; fileRef = 327C45322A5940B800B75295 /* ContactView.swift */; };
		327C45392A5943E600B75295 /* BlueButton.swift in Sources */ = {isa = PBXBuildFile; fileRef = 327C45382A5943E600B75295 /* BlueButton.swift */; };
		327C453C2A5953E400B75295 /* ServicesView.swift in Sources */ = {isa = PBXBuildFile; fileRef = 327C453B2A5953E400B75295 /* ServicesView.swift */; };
		327C453E2A5953F800B75295 /* ServicesView.xib in Resources */ = {isa = PBXBuildFile; fileRef = 327C453D2A5953F800B75295 /* ServicesView.xib */; };
		327C45422A59744200B75295 /* ServiceLabel.swift in Sources */ = {isa = PBXBuildFile; fileRef = 327C45412A59744200B75295 /* ServiceLabel.swift */; };
		327C45442A59744D00B75295 /* ServiceLabel.xib in Resources */ = {isa = PBXBuildFile; fileRef = 327C45432A59744D00B75295 /* ServiceLabel.xib */; };
		327C45472A59932F00B75295 /* ClickableView.swift in Sources */ = {isa = PBXBuildFile; fileRef = 327C45462A59932F00B75295 /* ClickableView.swift */; };
		32B810A52A56F78F00C5A64F /* AppDelegate.swift in Sources */ = {isa = PBXBuildFile; fileRef = 32B810A42A56F78F00C5A64F /* AppDelegate.swift */; };
		32B810A72A56F78F00C5A64F /* SceneDelegate.swift in Sources */ = {isa = PBXBuildFile; fileRef = 32B810A62A56F78F00C5A64F /* SceneDelegate.swift */; };
		32B810AC2A56F78F00C5A64F /* Main.storyboard in Resources */ = {isa = PBXBuildFile; fileRef = 32B810AA2A56F78F00C5A64F /* Main.storyboard */; };
		32B810AE2A56F79100C5A64F /* Assets.xcassets in Resources */ = {isa = PBXBuildFile; fileRef = 32B810AD2A56F79100C5A64F /* Assets.xcassets */; };
		32B810B12A56F79100C5A64F /* LaunchScreen.storyboard in Resources */ = {isa = PBXBuildFile; fileRef = 32B810AF2A56F79100C5A64F /* LaunchScreen.storyboard */; };
		32B810BB2A56FDAB00C5A64F /* TeachersViewController.swift in Sources */ = {isa = PBXBuildFile; fileRef = 32B810BA2A56FDAB00C5A64F /* TeachersViewController.swift */; };
		32B810BD2A56FDB800C5A64F /* StudentsViewController.swift in Sources */ = {isa = PBXBuildFile; fileRef = 32B810BC2A56FDB800C5A64F /* StudentsViewController.swift */; };
		32B810BF2A5706CE00C5A64F /* TabBarViewController.swift in Sources */ = {isa = PBXBuildFile; fileRef = 32B810BE2A5706CE00C5A64F /* TabBarViewController.swift */; };
		32B810C32A57081B00C5A64F /* SchoolAppBannerView.swift in Sources */ = {isa = PBXBuildFile; fileRef = 32B810C22A57081B00C5A64F /* SchoolAppBannerView.swift */; };
		32B810C52A57083100C5A64F /* SchoolAppBannerView.xib in Resources */ = {isa = PBXBuildFile; fileRef = 32B810C42A57083100C5A64F /* SchoolAppBannerView.xib */; };
		32B810C72A570DA500C5A64F /* ContainerViewController.swift in Sources */ = {isa = PBXBuildFile; fileRef = 32B810C62A570DA500C5A64F /* ContainerViewController.swift */; };
		32B810CB2A570E8F00C5A64F /* TeacherCardTableViewCell.swift in Sources */ = {isa = PBXBuildFile; fileRef = 32B810C92A570E8F00C5A64F /* TeacherCardTableViewCell.swift */; };
		32B810CC2A570E8F00C5A64F /* TeacherCardTableViewCell.xib in Resources */ = {isa = PBXBuildFile; fileRef = 32B810CA2A570E8F00C5A64F /* TeacherCardTableViewCell.xib */; };
		32E62B012A5A98E5006999E7 /* LanguageSelectCollectionViewCell.swift in Sources */ = {isa = PBXBuildFile; fileRef = 32E62AFF2A5A98E5006999E7 /* LanguageSelectCollectionViewCell.swift */; };
		32E62B022A5A98E6006999E7 /* LanguageSelectCollectionViewCell.xib in Resources */ = {isa = PBXBuildFile; fileRef = 32E62B002A5A98E5006999E7 /* LanguageSelectCollectionViewCell.xib */; };
		32E62B052A5A9A85006999E7 /* LanguageCollectionViewCell.swift in Sources */ = {isa = PBXBuildFile; fileRef = 32E62B032A5A9A85006999E7 /* LanguageCollectionViewCell.swift */; };
		32E62B062A5A9A85006999E7 /* LanguageCollectionViewCell.xib in Resources */ = {isa = PBXBuildFile; fileRef = 32E62B042A5A9A85006999E7 /* LanguageCollectionViewCell.xib */; };
/* End PBXBuildFile section */

/* Begin PBXFileReference section */
		323E3B8C2A5AD67B00449747 /* fr */ = {isa = PBXFileReference; lastKnownFileType = text.plist.strings; name = fr; path = fr.lproj/Main.strings; sourceTree = "<group>"; };
		323E3B8D2A5AD67B00449747 /* fr */ = {isa = PBXFileReference; lastKnownFileType = text.plist.strings; name = fr; path = fr.lproj/LaunchScreen.strings; sourceTree = "<group>"; };
		323E3B932A5AD6FE00449747 /* en */ = {isa = PBXFileReference; lastKnownFileType = text.plist.strings; name = en; path = en.lproj/Localizable.strings; sourceTree = "<group>"; };
		323E3B952A5AD70100449747 /* fr */ = {isa = PBXFileReference; lastKnownFileType = text.plist.strings; name = fr; path = fr.lproj/Localizable.strings; sourceTree = "<group>"; };
		323E3BD22A5BFB3C00449747 /* Developer Test copy-Info.plist */ = {isa = PBXFileReference; lastKnownFileType = text.plist.xml; name = "Developer Test copy-Info.plist"; path = "/Users/markomedenuser/Desktop/Developer Test/Developer Test copy-Info.plist"; sourceTree = "<absolute>"; };
		323E3C052A5BFB3E00449747 /* Developer Test copy copy-Info.plist */ = {isa = PBXFileReference; lastKnownFileType = text.plist.xml; name = "Developer Test copy copy-Info.plist"; path = "/Users/markomedenuser/Desktop/Developer Test/Developer Test copy copy-Info.plist"; sourceTree = "<absolute>"; };
		323E3C092A5BFD8400449747 /* Development.xcconfig */ = {isa = PBXFileReference; lastKnownFileType = text.xcconfig; path = Development.xcconfig; sourceTree = "<group>"; };
		323E3C0B2A5BFDE200449747 /* Production.xcconfig */ = {isa = PBXFileReference; lastKnownFileType = text.xcconfig; path = Production.xcconfig; sourceTree = "<group>"; };
		323E3C0D2A5BFE6C00449747 /* Environment.swift */ = {isa = PBXFileReference; lastKnownFileType = sourcecode.swift; path = Environment.swift; sourceTree = "<group>"; };
		327C45202A58750500B75295 /* Teacher.swift */ = {isa = PBXFileReference; lastKnownFileType = sourcecode.swift; path = Teacher.swift; sourceTree = "<group>"; };
		327C45222A58759D00B75295 /* Student.swift */ = {isa = PBXFileReference; lastKnownFileType = sourcecode.swift; path = Student.swift; sourceTree = "<group>"; };
		327C45272A58841F00B75295 /* Description.swift */ = {isa = PBXFileReference; lastKnownFileType = sourcecode.swift; path = Description.swift; sourceTree = "<group>"; };
		327C45292A58845600B75295 /* School.swift */ = {isa = PBXFileReference; lastKnownFileType = sourcecode.swift; path = School.swift; sourceTree = "<group>"; };
		327C452B2A589F7C00B75295 /* DetailsViewController.swift */ = {isa = PBXFileReference; lastKnownFileType = sourcecode.swift; path = DetailsViewController.swift; sourceTree = "<group>"; };
		327C452E2A58A08D00B75295 /* AppManager.swift */ = {isa = PBXFileReference; lastKnownFileType = sourcecode.swift; path = AppManager.swift; sourceTree = "<group>"; };
		327C45302A5940A400B75295 /* ContactView.xib */ = {isa = PBXFileReference; lastKnownFileType = file.xib; path = ContactView.xib; sourceTree = "<group>"; };
		327C45322A5940B800B75295 /* ContactView.swift */ = {isa = PBXFileReference; lastKnownFileType = sourcecode.swift; path = ContactView.swift; sourceTree = "<group>"; };
		327C45382A5943E600B75295 /* BlueButton.swift */ = {isa = PBXFileReference; lastKnownFileType = sourcecode.swift; path = BlueButton.swift; sourceTree = "<group>"; };
		327C453B2A5953E400B75295 /* ServicesView.swift */ = {isa = PBXFileReference; lastKnownFileType = sourcecode.swift; path = ServicesView.swift; sourceTree = "<group>"; };
		327C453D2A5953F800B75295 /* ServicesView.xib */ = {isa = PBXFileReference; lastKnownFileType = file.xib; path = ServicesView.xib; sourceTree = "<group>"; };
		327C45412A59744200B75295 /* ServiceLabel.swift */ = {isa = PBXFileReference; lastKnownFileType = sourcecode.swift; path = ServiceLabel.swift; sourceTree = "<group>"; };
		327C45432A59744D00B75295 /* ServiceLabel.xib */ = {isa = PBXFileReference; lastKnownFileType = file.xib; path = ServiceLabel.xib; sourceTree = "<group>"; };
		327C45462A59932F00B75295 /* ClickableView.swift */ = {isa = PBXFileReference; lastKnownFileType = sourcecode.swift; path = ClickableView.swift; sourceTree = "<group>"; };
		32B810A12A56F78F00C5A64F /* Developer Test.app */ = {isa = PBXFileReference; explicitFileType = wrapper.application; includeInIndex = 0; path = "Developer Test.app"; sourceTree = BUILT_PRODUCTS_DIR; };
		32B810A42A56F78F00C5A64F /* AppDelegate.swift */ = {isa = PBXFileReference; lastKnownFileType = sourcecode.swift; path = AppDelegate.swift; sourceTree = "<group>"; };
		32B810A62A56F78F00C5A64F /* SceneDelegate.swift */ = {isa = PBXFileReference; lastKnownFileType = sourcecode.swift; path = SceneDelegate.swift; sourceTree = "<group>"; };
		32B810AB2A56F78F00C5A64F /* Base */ = {isa = PBXFileReference; lastKnownFileType = file.storyboard; name = Base; path = Base.lproj/Main.storyboard; sourceTree = "<group>"; };
		32B810AD2A56F79100C5A64F /* Assets.xcassets */ = {isa = PBXFileReference; lastKnownFileType = folder.assetcatalog; path = Assets.xcassets; sourceTree = "<group>"; };
		32B810B02A56F79100C5A64F /* Base */ = {isa = PBXFileReference; lastKnownFileType = file.storyboard; name = Base; path = Base.lproj/LaunchScreen.storyboard; sourceTree = "<group>"; };
		32B810B22A56F79100C5A64F /* Info.plist */ = {isa = PBXFileReference; lastKnownFileType = text.plist.xml; path = Info.plist; sourceTree = "<group>"; };
		32B810BA2A56FDAB00C5A64F /* TeachersViewController.swift */ = {isa = PBXFileReference; lastKnownFileType = sourcecode.swift; path = TeachersViewController.swift; sourceTree = "<group>"; };
		32B810BC2A56FDB800C5A64F /* StudentsViewController.swift */ = {isa = PBXFileReference; lastKnownFileType = sourcecode.swift; path = StudentsViewController.swift; sourceTree = "<group>"; };
		32B810BE2A5706CE00C5A64F /* TabBarViewController.swift */ = {isa = PBXFileReference; lastKnownFileType = sourcecode.swift; path = TabBarViewController.swift; sourceTree = "<group>"; };
		32B810C22A57081B00C5A64F /* SchoolAppBannerView.swift */ = {isa = PBXFileReference; lastKnownFileType = sourcecode.swift; path = SchoolAppBannerView.swift; sourceTree = "<group>"; };
		32B810C42A57083100C5A64F /* SchoolAppBannerView.xib */ = {isa = PBXFileReference; lastKnownFileType = file.xib; path = SchoolAppBannerView.xib; sourceTree = "<group>"; };
		32B810C62A570DA500C5A64F /* ContainerViewController.swift */ = {isa = PBXFileReference; lastKnownFileType = sourcecode.swift; path = ContainerViewController.swift; sourceTree = "<group>"; };
		32B810C92A570E8F00C5A64F /* TeacherCardTableViewCell.swift */ = {isa = PBXFileReference; lastKnownFileType = sourcecode.swift; path = TeacherCardTableViewCell.swift; sourceTree = "<group>"; };
		32B810CA2A570E8F00C5A64F /* TeacherCardTableViewCell.xib */ = {isa = PBXFileReference; lastKnownFileType = file.xib; path = TeacherCardTableViewCell.xib; sourceTree = "<group>"; };
		32E62AFF2A5A98E5006999E7 /* LanguageSelectCollectionViewCell.swift */ = {isa = PBXFileReference; lastKnownFileType = sourcecode.swift; path = LanguageSelectCollectionViewCell.swift; sourceTree = "<group>"; };
		32E62B002A5A98E5006999E7 /* LanguageSelectCollectionViewCell.xib */ = {isa = PBXFileReference; lastKnownFileType = file.xib; path = LanguageSelectCollectionViewCell.xib; sourceTree = "<group>"; };
		32E62B032A5A9A85006999E7 /* LanguageCollectionViewCell.swift */ = {isa = PBXFileReference; lastKnownFileType = sourcecode.swift; path = LanguageCollectionViewCell.swift; sourceTree = "<group>"; };
		32E62B042A5A9A85006999E7 /* LanguageCollectionViewCell.xib */ = {isa = PBXFileReference; lastKnownFileType = file.xib; path = LanguageCollectionViewCell.xib; sourceTree = "<group>"; };
/* End PBXFileReference section */

/* Begin PBXFrameworksBuildPhase section */
		32B8109E2A56F78F00C5A64F /* Frameworks */ = {
			isa = PBXFrameworksBuildPhase;
			buildActionMask = 2147483647;
			files = (
				327C45262A587B8000B75295 /* SDWebImage in Frameworks */,
				323E3B8B2A5AAB8300449747 /* Localize_Swift in Frameworks */,
			);
			runOnlyForDeploymentPostprocessing = 0;
		};
/* End PBXFrameworksBuildPhase section */

/* Begin PBXGroup section */
		323E3C082A5BFD5E00449747 /* Environments */ = {
			isa = PBXGroup;
			children = (
				323E3C0D2A5BFE6C00449747 /* Environment.swift */,
				323E3C092A5BFD8400449747 /* Development.xcconfig */,
				323E3C0B2A5BFDE200449747 /* Production.xcconfig */,
			);
			path = Environments;
			sourceTree = "<group>";
		};
		327C451F2A5874B300B75295 /* Models */ = {
			isa = PBXGroup;
			children = (
				327C45202A58750500B75295 /* Teacher.swift */,
				327C45222A58759D00B75295 /* Student.swift */,
				327C45272A58841F00B75295 /* Description.swift */,
				327C45292A58845600B75295 /* School.swift */,
			);
			path = Models;
			sourceTree = "<group>";
		};
		327C452D2A58A07600B75295 /* Managers */ = {
			isa = PBXGroup;
			children = (
				327C452E2A58A08D00B75295 /* AppManager.swift */,
			);
			path = Managers;
			sourceTree = "<group>";
		};
		327C45352A59434000B75295 /* SchoolAppBannerView */ = {
			isa = PBXGroup;
			children = (
				32B810C22A57081B00C5A64F /* SchoolAppBannerView.swift */,
				32B810C42A57083100C5A64F /* SchoolAppBannerView.xib */,
			);
			path = SchoolAppBannerView;
			sourceTree = "<group>";
		};
		327C45362A59434D00B75295 /* ContactView */ = {
			isa = PBXGroup;
			children = (
				327C45322A5940B800B75295 /* ContactView.swift */,
				327C45302A5940A400B75295 /* ContactView.xib */,
			);
			path = ContactView;
			sourceTree = "<group>";
		};
		327C45372A59437400B75295 /* Buttons */ = {
			isa = PBXGroup;
			children = (
				327C45382A5943E600B75295 /* BlueButton.swift */,
			);
			path = Buttons;
			sourceTree = "<group>";
		};
		327C453A2A5953BA00B75295 /* ServicesView */ = {
			isa = PBXGroup;
			children = (
				327C453B2A5953E400B75295 /* ServicesView.swift */,
				327C453D2A5953F800B75295 /* ServicesView.xib */,
			);
			path = ServicesView;
			sourceTree = "<group>";
		};
		327C45402A59742C00B75295 /* ServiceLabel */ = {
			isa = PBXGroup;
			children = (
				327C45412A59744200B75295 /* ServiceLabel.swift */,
				327C45432A59744D00B75295 /* ServiceLabel.xib */,
			);
			path = ServiceLabel;
			sourceTree = "<group>";
		};
		327C45452A59932200B75295 /* ClickableView */ = {
			isa = PBXGroup;
			children = (
				327C45462A59932F00B75295 /* ClickableView.swift */,
			);
			path = ClickableView;
			sourceTree = "<group>";
		};
		327C45482A59A70F00B75295 /* LanguageCollectionView */ = {
			isa = PBXGroup;
			children = (
				32E62AFF2A5A98E5006999E7 /* LanguageSelectCollectionViewCell.swift */,
				32E62B002A5A98E5006999E7 /* LanguageSelectCollectionViewCell.xib */,
				32E62B032A5A9A85006999E7 /* LanguageCollectionViewCell.swift */,
				32E62B042A5A9A85006999E7 /* LanguageCollectionViewCell.xib */,
			);
			path = LanguageCollectionView;
			sourceTree = "<group>";
		};
		32B810982A56F78F00C5A64F = {
			isa = PBXGroup;
			children = (
				32B810A32A56F78F00C5A64F /* Developer Test */,
				32B810A22A56F78F00C5A64F /* Products */,
				323E3BD22A5BFB3C00449747 /* Developer Test copy-Info.plist */,
				323E3C052A5BFB3E00449747 /* Developer Test copy copy-Info.plist */,
			);
			sourceTree = "<group>";
		};
		32B810A22A56F78F00C5A64F /* Products */ = {
			isa = PBXGroup;
			children = (
				32B810A12A56F78F00C5A64F /* Developer Test.app */,
			);
			name = Products;
			sourceTree = "<group>";
		};
		32B810A32A56F78F00C5A64F /* Developer Test */ = {
			isa = PBXGroup;
			children = (
				323E3B942A5AD6FE00449747 /* Localizable.strings */,
				32B810A42A56F78F00C5A64F /* AppDelegate.swift */,
				32B810A62A56F78F00C5A64F /* SceneDelegate.swift */,
				323E3C082A5BFD5E00449747 /* Environments */,
				32B810B92A56FD8D00C5A64F /* ViewControllers */,
				32B810C12A5707F200C5A64F /* Swift */,
				32B810B82A56FD8400C5A64F /* Storyboards */,
				32B810AD2A56F79100C5A64F /* Assets.xcassets */,
				32B810B22A56F79100C5A64F /* Info.plist */,
			);
			path = "Developer Test";
			sourceTree = "<group>";
		};
		32B810B82A56FD8400C5A64F /* Storyboards */ = {
			isa = PBXGroup;
			children = (
				32B810AA2A56F78F00C5A64F /* Main.storyboard */,
				32B810AF2A56F79100C5A64F /* LaunchScreen.storyboard */,
			);
			path = Storyboards;
			sourceTree = "<group>";
		};
		32B810B92A56FD8D00C5A64F /* ViewControllers */ = {
			isa = PBXGroup;
			children = (
				32B810BA2A56FDAB00C5A64F /* TeachersViewController.swift */,
				32B810BC2A56FDB800C5A64F /* StudentsViewController.swift */,
				32B810BE2A5706CE00C5A64F /* TabBarViewController.swift */,
				32B810C62A570DA500C5A64F /* ContainerViewController.swift */,
				327C452B2A589F7C00B75295 /* DetailsViewController.swift */,
			);
			path = ViewControllers;
			sourceTree = "<group>";
		};
		32B810C02A5707BD00C5A64F /* Views */ = {
			isa = PBXGroup;
			children = (
				327C45482A59A70F00B75295 /* LanguageCollectionView */,
				327C45452A59932200B75295 /* ClickableView */,
				327C45402A59742C00B75295 /* ServiceLabel */,
				327C453A2A5953BA00B75295 /* ServicesView */,
				327C45362A59434D00B75295 /* ContactView */,
				327C45352A59434000B75295 /* SchoolAppBannerView */,
				327C45372A59437400B75295 /* Buttons */,
			);
			path = Views;
			sourceTree = "<group>";
		};
		32B810C12A5707F200C5A64F /* Swift */ = {
			isa = PBXGroup;
			children = (
				327C452D2A58A07600B75295 /* Managers */,
				327C451F2A5874B300B75295 /* Models */,
				32B810C82A570E5B00C5A64F /* Cells */,
				32B810C02A5707BD00C5A64F /* Views */,
			);
			path = Swift;
			sourceTree = "<group>";
		};
		32B810C82A570E5B00C5A64F /* Cells */ = {
			isa = PBXGroup;
			children = (
				32B810C92A570E8F00C5A64F /* TeacherCardTableViewCell.swift */,
				32B810CA2A570E8F00C5A64F /* TeacherCardTableViewCell.xib */,
			);
			path = Cells;
			sourceTree = "<group>";
		};
/* End PBXGroup section */

/* Begin PBXNativeTarget section */
		32B810A02A56F78F00C5A64F /* Developer Test */ = {
			isa = PBXNativeTarget;
			buildConfigurationList = 32B810B52A56F79100C5A64F /* Build configuration list for PBXNativeTarget "Developer Test" */;
			buildPhases = (
				32B8109D2A56F78F00C5A64F /* Sources */,
				32B8109E2A56F78F00C5A64F /* Frameworks */,
				32B8109F2A56F78F00C5A64F /* Resources */,
			);
			buildRules = (
			);
			dependencies = (
			);
			name = "Developer Test";
			packageProductDependencies = (
				327C45252A587B8000B75295 /* SDWebImage */,
				323E3B8A2A5AAB8300449747 /* Localize_Swift */,
			);
			productName = "Developer Test";
			productReference = 32B810A12A56F78F00C5A64F /* Developer Test.app */;
			productType = "com.apple.product-type.application";
		};
/* End PBXNativeTarget section */

/* Begin PBXProject section */
		32B810992A56F78F00C5A64F /* Project object */ = {
			isa = PBXProject;
			attributes = {
				BuildIndependentTargetsInParallel = 1;
				LastSwiftUpdateCheck = 1430;
				LastUpgradeCheck = 1430;
				TargetAttributes = {
					32B810A02A56F78F00C5A64F = {
						CreatedOnToolsVersion = 14.3.1;
					};
				};
			};
			buildConfigurationList = 32B8109C2A56F78F00C5A64F /* Build configuration list for PBXProject "Developer Test" */;
			compatibilityVersion = "Xcode 14.0";
			developmentRegion = en;
			hasScannedForEncodings = 0;
			knownRegions = (
				en,
				Base,
				fr,
			);
			mainGroup = 32B810982A56F78F00C5A64F;
			packageReferences = (
				327C45242A587B8000B75295 /* XCRemoteSwiftPackageReference "SDWebImage" */,
				323E3B892A5AAB8300449747 /* XCRemoteSwiftPackageReference "Localize-Swift" */,
			);
			productRefGroup = 32B810A22A56F78F00C5A64F /* Products */;
			projectDirPath = "";
			projectRoot = "";
			targets = (
				32B810A02A56F78F00C5A64F /* Developer Test */,
			);
		};
/* End PBXProject section */

/* Begin PBXResourcesBuildPhase section */
		32B8109F2A56F78F00C5A64F /* Resources */ = {
			isa = PBXResourcesBuildPhase;
			buildActionMask = 2147483647;
			files = (
				32B810B12A56F79100C5A64F /* LaunchScreen.storyboard in Resources */,
				32B810CC2A570E8F00C5A64F /* TeacherCardTableViewCell.xib in Resources */,
				323E3B922A5AD6FE00449747 /* Localizable.strings in Resources */,
				327C45442A59744D00B75295 /* ServiceLabel.xib in Resources */,
				32B810AE2A56F79100C5A64F /* Assets.xcassets in Resources */,
				32E62B062A5A9A85006999E7 /* LanguageCollectionViewCell.xib in Resources */,
				323E3C0A2A5BFD8400449747 /* Development.xcconfig in Resources */,
				327C453E2A5953F800B75295 /* ServicesView.xib in Resources */,
				323E3C0C2A5BFDE200449747 /* Production.xcconfig in Resources */,
				32B810C52A57083100C5A64F /* SchoolAppBannerView.xib in Resources */,
				32B810AC2A56F78F00C5A64F /* Main.storyboard in Resources */,
				32E62B022A5A98E6006999E7 /* LanguageSelectCollectionViewCell.xib in Resources */,
				327C45312A5940A400B75295 /* ContactView.xib in Resources */,
			);
			runOnlyForDeploymentPostprocessing = 0;
		};
/* End PBXResourcesBuildPhase section */

/* Begin PBXSourcesBuildPhase section */
		32B8109D2A56F78F00C5A64F /* Sources */ = {
			isa = PBXSourcesBuildPhase;
			buildActionMask = 2147483647;
			files = (
				32B810BB2A56FDAB00C5A64F /* TeachersViewController.swift in Sources */,
				32B810A52A56F78F00C5A64F /* AppDelegate.swift in Sources */,
				32E62B052A5A9A85006999E7 /* LanguageCollectionViewCell.swift in Sources */,
				32B810CB2A570E8F00C5A64F /* TeacherCardTableViewCell.swift in Sources */,
				32E62B012A5A98E5006999E7 /* LanguageSelectCollectionViewCell.swift in Sources */,
				327C45232A58759D00B75295 /* Student.swift in Sources */,
				32B810C72A570DA500C5A64F /* ContainerViewController.swift in Sources */,
				323E3C0E2A5BFE6C00449747 /* Environment.swift in Sources */,
				32B810BD2A56FDB800C5A64F /* StudentsViewController.swift in Sources */,
				327C45422A59744200B75295 /* ServiceLabel.swift in Sources */,
				327C45282A58841F00B75295 /* Description.swift in Sources */,
				327C45472A59932F00B75295 /* ClickableView.swift in Sources */,
				327C452F2A58A08D00B75295 /* AppManager.swift in Sources */,
				327C452A2A58845600B75295 /* School.swift in Sources */,
				327C453C2A5953E400B75295 /* ServicesView.swift in Sources */,
				32B810BF2A5706CE00C5A64F /* TabBarViewController.swift in Sources */,
				327C45212A58750500B75295 /* Teacher.swift in Sources */,
				32B810C32A57081B00C5A64F /* SchoolAppBannerView.swift in Sources */,
				327C452C2A589F7C00B75295 /* DetailsViewController.swift in Sources */,
				327C45332A5940B800B75295 /* ContactView.swift in Sources */,
				32B810A72A56F78F00C5A64F /* SceneDelegate.swift in Sources */,
				327C45392A5943E600B75295 /* BlueButton.swift in Sources */,
			);
			runOnlyForDeploymentPostprocessing = 0;
		};
/* End PBXSourcesBuildPhase section */

/* Begin PBXVariantGroup section */
		323E3B942A5AD6FE00449747 /* Localizable.strings */ = {
			isa = PBXVariantGroup;
			children = (
				323E3B932A5AD6FE00449747 /* en */,
				323E3B952A5AD70100449747 /* fr */,
			);
			name = Localizable.strings;
			sourceTree = "<group>";
		};
		32B810AA2A56F78F00C5A64F /* Main.storyboard */ = {
			isa = PBXVariantGroup;
			children = (
				32B810AB2A56F78F00C5A64F /* Base */,
				323E3B8C2A5AD67B00449747 /* fr */,
			);
			name = Main.storyboard;
			sourceTree = "<group>";
		};
		32B810AF2A56F79100C5A64F /* LaunchScreen.storyboard */ = {
			isa = PBXVariantGroup;
			children = (
				32B810B02A56F79100C5A64F /* Base */,
				323E3B8D2A5AD67B00449747 /* fr */,
			);
			name = LaunchScreen.storyboard;
			sourceTree = "<group>";
		};
/* End PBXVariantGroup section */

/* Begin XCBuildConfiguration section */
		323E3C062A5BFC0800449747 /* Production */ = {
			isa = XCBuildConfiguration;
			baseConfigurationReference = 323E3C0B2A5BFDE200449747 /* Production.xcconfig */;
			buildSettings = {
				ALWAYS_SEARCH_USER_PATHS = NO;
				CLANG_ANALYZER_LOCALIZABILITY_NONLOCALIZED = YES;
				CLANG_ANALYZER_NONNULL = YES;
				CLANG_ANALYZER_NUMBER_OBJECT_CONVERSION = YES_AGGRESSIVE;
				CLANG_CXX_LANGUAGE_STANDARD = "gnu++20";
				CLANG_ENABLE_MODULES = YES;
				CLANG_ENABLE_OBJC_ARC = YES;
				CLANG_ENABLE_OBJC_WEAK = YES;
				CLANG_WARN_BLOCK_CAPTURE_AUTORELEASING = YES;
				CLANG_WARN_BOOL_CONVERSION = YES;
				CLANG_WARN_COMMA = YES;
				CLANG_WARN_CONSTANT_CONVERSION = YES;
				CLANG_WARN_DEPRECATED_OBJC_IMPLEMENTATIONS = YES;
				CLANG_WARN_DIRECT_OBJC_ISA_USAGE = YES_ERROR;
				CLANG_WARN_DOCUMENTATION_COMMENTS = YES;
				CLANG_WARN_EMPTY_BODY = YES;
				CLANG_WARN_ENUM_CONVERSION = YES;
				CLANG_WARN_INFINITE_RECURSION = YES;
				CLANG_WARN_INT_CONVERSION = YES;
				CLANG_WARN_NON_LITERAL_NULL_CONVERSION = YES;
				CLANG_WARN_OBJC_IMPLICIT_RETAIN_SELF = YES;
				CLANG_WARN_OBJC_LITERAL_CONVERSION = YES;
				CLANG_WARN_OBJC_ROOT_CLASS = YES_ERROR;
				CLANG_WARN_QUOTED_INCLUDE_IN_FRAMEWORK_HEADER = YES;
				CLANG_WARN_RANGE_LOOP_ANALYSIS = YES;
				CLANG_WARN_STRICT_PROTOTYPES = YES;
				CLANG_WARN_SUSPICIOUS_MOVE = YES;
				CLANG_WARN_UNGUARDED_AVAILABILITY = YES_AGGRESSIVE;
				CLANG_WARN_UNREACHABLE_CODE = YES;
				CLANG_WARN__DUPLICATE_METHOD_MATCH = YES;
				COPY_PHASE_STRIP = NO;
				DEBUG_INFORMATION_FORMAT = dwarf;
				ENABLE_STRICT_OBJC_MSGSEND = YES;
				ENABLE_TESTABILITY = YES;
				GCC_C_LANGUAGE_STANDARD = gnu11;
				GCC_DYNAMIC_NO_PIC = NO;
				GCC_NO_COMMON_BLOCKS = YES;
				GCC_OPTIMIZATION_LEVEL = 0;
				GCC_PREPROCESSOR_DEFINITIONS = (
					"DEBUG=1",
					"$(inherited)",
				);
				GCC_WARN_64_TO_32_BIT_CONVERSION = YES;
				GCC_WARN_ABOUT_RETURN_TYPE = YES_ERROR;
				GCC_WARN_UNDECLARED_SELECTOR = YES;
				GCC_WARN_UNINITIALIZED_AUTOS = YES_AGGRESSIVE;
				GCC_WARN_UNUSED_FUNCTION = YES;
				GCC_WARN_UNUSED_VARIABLE = YES;
				IPHONEOS_DEPLOYMENT_TARGET = 16.4;
				MTL_ENABLE_DEBUG_INFO = INCLUDE_SOURCE;
				MTL_FAST_MATH = YES;
				ONLY_ACTIVE_ARCH = YES;
				PRODUCT_BUNDLE_IDENTIFIER = com.markomeden.developertest.development;
				PRODUCT_NAME = "Example Development";
				SDKROOT = iphoneos;
				SWIFT_ACTIVE_COMPILATION_CONDITIONS = DEBUG;
				SWIFT_OPTIMIZATION_LEVEL = "-Onone";
			};
			name = Production;
		};
		323E3C072A5BFC0800449747 /* Production */ = {
			isa = XCBuildConfiguration;
			baseConfigurationReference = 323E3C0B2A5BFDE200449747 /* Production.xcconfig */;
			buildSettings = {
				ASSETCATALOG_COMPILER_APPICON_NAME = AppIcon;
				ASSETCATALOG_COMPILER_GLOBAL_ACCENT_COLOR_NAME = AccentColor;
				CODE_SIGN_STYLE = Automatic;
				CURRENT_PROJECT_VERSION = 1;
				DEVELOPMENT_TEAM = PSF33EGXVS;
				GENERATE_INFOPLIST_FILE = YES;
				INFOPLIST_FILE = "Developer Test/Info.plist";
				INFOPLIST_KEY_UIApplicationSupportsIndirectInputEvents = YES;
				INFOPLIST_KEY_UILaunchStoryboardName = LaunchScreen;
				INFOPLIST_KEY_UIMainStoryboardFile = Main;
				INFOPLIST_KEY_UISupportedInterfaceOrientations_iPad = "UIInterfaceOrientationPortrait UIInterfaceOrientationPortraitUpsideDown UIInterfaceOrientationLandscapeLeft UIInterfaceOrientationLandscapeRight";
				INFOPLIST_KEY_UISupportedInterfaceOrientations_iPhone = "UIInterfaceOrientationPortrait UIInterfaceOrientationLandscapeLeft UIInterfaceOrientationLandscapeRight";
				LD_RUNPATH_SEARCH_PATHS = (
					"$(inherited)",
					"@executable_path/Frameworks",
					"@loader_path/Frameworks",
					"$(FRAMEWORK_SEARCH_PATHS)",
				);
				MARKETING_VERSION = 1.0;
				PRODUCT_BUNDLE_IDENTIFIER = com.markomeden.teachers.prod;
				PRODUCT_NAME = "$(TARGET_NAME)";
				SUPPORTED_PLATFORMS = "iphoneos iphonesimulator";
				SUPPORTS_MACCATALYST = NO;
				SUPPORTS_MAC_DESIGNED_FOR_IPHONE_IPAD = NO;
				SWIFT_EMIT_LOC_STRINGS = YES;
				SWIFT_VERSION = 5.0;
				TARGETED_DEVICE_FAMILY = 1;
			};
			name = Production;
		};
		32B810B32A56F79100C5A64F /* Development */ = {
			isa = XCBuildConfiguration;
			baseConfigurationReference = 323E3C092A5BFD8400449747 /* Development.xcconfig */;
			buildSettings = {
				ALWAYS_SEARCH_USER_PATHS = NO;
				CLANG_ANALYZER_LOCALIZABILITY_NONLOCALIZED = YES;
				CLANG_ANALYZER_NONNULL = YES;
				CLANG_ANALYZER_NUMBER_OBJECT_CONVERSION = YES_AGGRESSIVE;
				CLANG_CXX_LANGUAGE_STANDARD = "gnu++20";
				CLANG_ENABLE_MODULES = YES;
				CLANG_ENABLE_OBJC_ARC = YES;
				CLANG_ENABLE_OBJC_WEAK = YES;
				CLANG_WARN_BLOCK_CAPTURE_AUTORELEASING = YES;
				CLANG_WARN_BOOL_CONVERSION = YES;
				CLANG_WARN_COMMA = YES;
				CLANG_WARN_CONSTANT_CONVERSION = YES;
				CLANG_WARN_DEPRECATED_OBJC_IMPLEMENTATIONS = YES;
				CLANG_WARN_DIRECT_OBJC_ISA_USAGE = YES_ERROR;
				CLANG_WARN_DOCUMENTATION_COMMENTS = YES;
				CLANG_WARN_EMPTY_BODY = YES;
				CLANG_WARN_ENUM_CONVERSION = YES;
				CLANG_WARN_INFINITE_RECURSION = YES;
				CLANG_WARN_INT_CONVERSION = YES;
				CLANG_WARN_NON_LITERAL_NULL_CONVERSION = YES;
				CLANG_WARN_OBJC_IMPLICIT_RETAIN_SELF = YES;
				CLANG_WARN_OBJC_LITERAL_CONVERSION = YES;
				CLANG_WARN_OBJC_ROOT_CLASS = YES_ERROR;
				CLANG_WARN_QUOTED_INCLUDE_IN_FRAMEWORK_HEADER = YES;
				CLANG_WARN_RANGE_LOOP_ANALYSIS = YES;
				CLANG_WARN_STRICT_PROTOTYPES = YES;
				CLANG_WARN_SUSPICIOUS_MOVE = YES;
				CLANG_WARN_UNGUARDED_AVAILABILITY = YES_AGGRESSIVE;
				CLANG_WARN_UNREACHABLE_CODE = YES;
				CLANG_WARN__DUPLICATE_METHOD_MATCH = YES;
				COPY_PHASE_STRIP = NO;
				DEBUG_INFORMATION_FORMAT = dwarf;
				ENABLE_STRICT_OBJC_MSGSEND = YES;
				ENABLE_TESTABILITY = YES;
				GCC_C_LANGUAGE_STANDARD = gnu11;
				GCC_DYNAMIC_NO_PIC = NO;
				GCC_NO_COMMON_BLOCKS = YES;
				GCC_OPTIMIZATION_LEVEL = 0;
				GCC_PREPROCESSOR_DEFINITIONS = (
					"DEBUG=1",
					"$(inherited)",
				);
				GCC_WARN_64_TO_32_BIT_CONVERSION = YES;
				GCC_WARN_ABOUT_RETURN_TYPE = YES_ERROR;
				GCC_WARN_UNDECLARED_SELECTOR = YES;
				GCC_WARN_UNINITIALIZED_AUTOS = YES_AGGRESSIVE;
				GCC_WARN_UNUSED_FUNCTION = YES;
				GCC_WARN_UNUSED_VARIABLE = YES;
				IPHONEOS_DEPLOYMENT_TARGET = 16.4;
				MTL_ENABLE_DEBUG_INFO = INCLUDE_SOURCE;
				MTL_FAST_MATH = YES;
				ONLY_ACTIVE_ARCH = YES;
				PRODUCT_BUNDLE_IDENTIFIER = com.markomeden.developertest.development;
				PRODUCT_NAME = "Example Development";
				SDKROOT = iphoneos;
				SWIFT_ACTIVE_COMPILATION_CONDITIONS = DEBUG;
				SWIFT_OPTIMIZATION_LEVEL = "-Onone";
			};
			name = Development;
		};
		32B810B62A56F79100C5A64F /* Development */ = {
			isa = XCBuildConfiguration;
			baseConfigurationReference = 323E3C092A5BFD8400449747 /* Development.xcconfig */;
			buildSettings = {
				ASSETCATALOG_COMPILER_APPICON_NAME = AppIcon;
				ASSETCATALOG_COMPILER_GLOBAL_ACCENT_COLOR_NAME = AccentColor;
				CODE_SIGN_STYLE = Automatic;
				CURRENT_PROJECT_VERSION = 1;
				DEVELOPMENT_TEAM = PSF33EGXVS;
				GENERATE_INFOPLIST_FILE = YES;
				INFOPLIST_FILE = "Developer Test/Info.plist";
				INFOPLIST_KEY_UIApplicationSupportsIndirectInputEvents = YES;
				INFOPLIST_KEY_UILaunchStoryboardName = LaunchScreen;
				INFOPLIST_KEY_UIMainStoryboardFile = Main;
				INFOPLIST_KEY_UISupportedInterfaceOrientations_iPad = "UIInterfaceOrientationPortrait UIInterfaceOrientationPortraitUpsideDown UIInterfaceOrientationLandscapeLeft UIInterfaceOrientationLandscapeRight";
				INFOPLIST_KEY_UISupportedInterfaceOrientations_iPhone = "UIInterfaceOrientationPortrait UIInterfaceOrientationLandscapeLeft UIInterfaceOrientationLandscapeRight";
				LD_RUNPATH_SEARCH_PATHS = (
					"$(inherited)",
					"@executable_path/Frameworks",
					"@loader_path/Frameworks",
					"$(FRAMEWORK_SEARCH_PATHS)",
				);
				MARKETING_VERSION = 1.0;
				PRODUCT_BUNDLE_IDENTIFIER = com.markomeden.teachers.dev;
				PRODUCT_NAME = "$(TARGET_NAME)";
				SUPPORTED_PLATFORMS = "iphoneos iphonesimulator";
				SUPPORTS_MACCATALYST = NO;
				SUPPORTS_MAC_DESIGNED_FOR_IPHONE_IPAD = NO;
				SWIFT_EMIT_LOC_STRINGS = YES;
				SWIFT_VERSION = 5.0;
				TARGETED_DEVICE_FAMILY = 1;
			};
			name = Development;
		};
/* End XCBuildConfiguration section */

/* Begin XCConfigurationList section */
		32B8109C2A56F78F00C5A64F /* Build configuration list for PBXProject "Developer Test" */ = {
			isa = XCConfigurationList;
			buildConfigurations = (
				32B810B32A56F79100C5A64F /* Development */,
				323E3C062A5BFC0800449747 /* Production */,
			);
			defaultConfigurationIsVisible = 0;
			defaultConfigurationName = Development;
		};
		32B810B52A56F79100C5A64F /* Build configuration list for PBXNativeTarget "Developer Test" */ = {
			isa = XCConfigurationList;
			buildConfigurations = (
				32B810B62A56F79100C5A64F /* Development */,
				323E3C072A5BFC0800449747 /* Production */,
			);
			defaultConfigurationIsVisible = 0;
			defaultConfigurationName = Development;
		};
/* End XCConfigurationList section */

/* Begin XCRemoteSwiftPackageReference section */
		323E3B892A5AAB8300449747 /* XCRemoteSwiftPackageReference "Localize-Swift" */ = {
			isa = XCRemoteSwiftPackageReference;
			repositoryURL = "https://github.com/marmelroy/Localize-Swift";
			requirement = {
				kind = upToNextMajorVersion;
				minimumVersion = 3.0.0;
			};
		};
		327C45242A587B8000B75295 /* XCRemoteSwiftPackageReference "SDWebImage" */ = {
			isa = XCRemoteSwiftPackageReference;
			repositoryURL = "https://github.com/SDWebImage/SDWebImage.git";
			requirement = {
				kind = upToNextMajorVersion;
				minimumVersion = 5.0.0;
			};
		};
/* End XCRemoteSwiftPackageReference section */

/* Begin XCSwiftPackageProductDependency section */
		323E3B8A2A5AAB8300449747 /* Localize_Swift */ = {
			isa = XCSwiftPackageProductDependency;
			package = 323E3B892A5AAB8300449747 /* XCRemoteSwiftPackageReference "Localize-Swift" */;
			productName = Localize_Swift;
		};
		327C45252A587B8000B75295 /* SDWebImage */ = {
			isa = XCSwiftPackageProductDependency;
			package = 327C45242A587B8000B75295 /* XCRemoteSwiftPackageReference "SDWebImage" */;
			productName = SDWebImage;
		};
/* End XCSwiftPackageProductDependency section */
	};
	rootObject = 32B810992A56F78F00C5A64F /* Project object */;
}
